
Microsoft Visual Studio Solution File, Format Version 12.00
# Visual Studio Version 17
VisualStudioVersion = 17.6.33815.320
MinimumVisualStudioVersion = 10.0.40219.1
Project("{9A19103F-16F7-4668-BE54-9A1E7A4F7556}") = "BookProject", "BookProject\BookProject.csproj", "{4DBF3ECA-F238-431F-AAD3-959A1188D2F8}"
EndProject
Project("{9A19103F-16F7-4668-BE54-9A1E7A4F7556}") = "ConceptArchitect.BookManagement", "ConceptArchitect.BookManagement\ConceptArchitect.BookManagement.csproj", "{A2316334-1B70-4029-AC11-A43F4E14D197}"
EndProject
Project("{9A19103F-16F7-4668-BE54-9A1E7A4F7556}") = "ConceptArchitect.BookManagement.Repositories.Ado", "ConceptArchitect.BookManagement.Repositories.Ado\ConceptArchitect.BookManagement.Repositories.Ado.csproj", "{27A9276B-83E0-4FF0-8F87-E21790D5F148}"
EndProject
Project("{9A19103F-16F7-4668-BE54-9A1E7A4F7556}") = "ConceptArchitect.Data", "ConceptArchitect.Data\ConceptArchitect.Data.csproj", "{6AE407DC-0B96-4E44-B039-95DE3007D69D}"
EndProject
Project("{9A19103F-16F7-4668-BE54-9A1E7A4F7556}") = "ConceptArchitect.Utils", "ConceptArchitect.Utils\ConceptArchitect.Utils.csproj", "{E261636C-BD15-4F31-B902-3D988F0C6938}"
EndProject
Global
	GlobalSection(SolutionConfigurationPlatforms) = preSolution
		Debug|Any CPU = Debug|Any CPU
		Release|Any CPU = Release|Any CPU
	EndGlobalSection
	GlobalSection(ProjectConfigurationPlatforms) = postSolution
		{4DBF3ECA-F238-431F-AAD3-959A1188D2F8}.Debug|Any CPU.ActiveCfg = Debug|Any CPU
		{4DBF3ECA-F238-431F-AAD3-959A1188D2F8}.Debug|Any CPU.Build.0 = Debug|Any CPU
		{4DBF3ECA-F238-431F-AAD3-959A1188D2F8}.Release|Any CPU.ActiveCfg = Release|Any CPU
		{4DBF3ECA-F238-431F-AAD3-959A1188D2F8}.Release|Any CPU.Build.0 = Release|Any CPU
		{A2316334-1B70-4029-AC11-A43F4E14D197}.Debug|Any CPU.ActiveCfg = Debug|Any CPU
		{A2316334-1B70-4029-AC11-A43F4E14D197}.Debug|Any CPU.Build.0 = Debug|Any CPU
		{A2316334-1B70-4029-AC11-A43F4E14D197}.Release|Any CPU.ActiveCfg = Release|Any CPU
		{A2316334-1B70-4029-AC11-A43F4E14D197}.Release|Any CPU.Build.0 = Release|Any CPU
		{27A9276B-83E0-4FF0-8F87-E21790D5F148}.Debug|Any CPU.ActiveCfg = Debug|Any CPU
		{27A9276B-83E0-4FF0-8F87-E21790D5F148}.Debug|Any CPU.Build.0 = Debug|Any CPU
		{27A9276B-83E0-4FF0-8F87-E21790D5F148}.Release|Any CPU.ActiveCfg = Release|Any CPU
		{27A9276B-83E0-4FF0-8F87-E21790D5F148}.Release|Any CPU.Build.0 = Release|Any CPU
		{6AE407DC-0B96-4E44-B039-95DE3007D69D}.Debug|Any CPU.ActiveCfg = Debug|Any CPU
		{6AE407DC-0B96-4E44-B039-95DE3007D69D}.Debug|Any CPU.Build.0 = Debug|Any CPU
		{6AE407DC-0B96-4E44-B039-95DE3007D69D}.Release|Any CPU.ActiveCfg = Release|Any CPU
		{6AE407DC-0B96-4E44-B039-95DE3007D69D}.Release|Any CPU.Build.0 = Release|Any CPU
		{E261636C-BD15-4F31-B902-3D988F0C6938}.Debug|Any CPU.ActiveCfg = Debug|Any CPU
		{E261636C-BD15-4F31-B902-3D988F0C6938}.Debug|Any CPU.Build.0 = Debug|Any CPU
		{E261636C-BD15-4F31-B902-3D988F0C6938}.Release|Any CPU.ActiveCfg = Release|Any CPU
		{E261636C-BD15-4F31-B902-3D988F0C6938}.Release|Any CPU.Build.0 = Release|Any CPU
	EndGlobalSection
	GlobalSection(SolutionProperties) = preSolution
		HideSolutionNode = FALSE
	EndGlobalSection
	GlobalSection(ExtensibilityGlobals) = postSolution
		SolutionGuid = {CF38D52A-FFED-4D97-BABF-0CC4CBA4F283}
	EndGlobalSection
EndGlobal
